
Microsoft Visual Studio Solution File, Format Version 12.00
# Visual Studio 2015
Project("{FAE04EC0-301F-11D3-BF4B-00C04F79EFBC}") = "RTS_Tutorial", "RTS_Tutorial.csproj", "{ED3E74EF-B07F-12DC-9420-45278124973D}"
EndProject
Global
	GlobalSection(SolutionConfigurationPlatforms) = preSolution
		Debug|Any CPU = Debug|Any CPU
		Release|Any CPU = Release|Any CPU
	EndGlobalSection
	GlobalSection(ProjectConfigurationPlatforms) = postSolution
		{ED3E74EF-B07F-12DC-9420-45278124973D}.Debug|Any CPU.ActiveCfg = Debug|Any CPU
		{ED3E74EF-B07F-12DC-9420-45278124973D}.Debug|Any CPU.Build.0 = Debug|Any CPU
		{ED3E74EF-B07F-12DC-9420-45278124973D}.Release|Any CPU.ActiveCfg = Release|Any CPU
		{ED3E74EF-B07F-12DC-9420-45278124973D}.Release|Any CPU.Build.0 = Release|Any CPU
	EndGlobalSection
	GlobalSection(SolutionProperties) = preSolution
		HideSolutionNode = FALSE
	EndGlobalSection
EndGlobal
